
Microsoft Visual Studio Solution File, Format Version 12.00
# Visual Studio Version 17
VisualStudioVersion = 17.11.35303.130
MinimumVisualStudioVersion = 10.0.40219.1
Project("{FAE04EC0-301F-11D3-BF4B-00C04F79EFBC}") = "BookStore.UI", "BookStore.UI\BookStore.UI.csproj", "{65A5CFDC-6060-453D-9C5E-9985A29391B9}"
EndProject
Project("{FAE04EC0-301F-11D3-BF4B-00C04F79EFBC}") = "BookStore.Domain", "BookStore.Domain\BookStore.Domain.csproj", "{5F1624C1-C301-43EF-9E79-C051EDB2EDE3}"
EndProject
Project("{FAE04EC0-301F-11D3-BF4B-00C04F79EFBC}") = "BookStore.Infrastructure", "BookStore.Infrastructure\BookStore.Infrastructure.csproj", "{8C7B4026-0ACE-492F-A873-1FB55C82D9B9}"
EndProject
Project("{FAE04EC0-301F-11D3-BF4B-00C04F79EFBC}") = "BookStore.Core", "BookStore.Core\BookStore.Core.csproj", "{52BCE7CA-7B40-40D8-8C34-7625B1E5C0DA}"
EndProject
Global
	GlobalSection(SolutionConfigurationPlatforms) = preSolution
		Debug|Any CPU = Debug|Any CPU
		Release|Any CPU = Release|Any CPU
	EndGlobalSection
	GlobalSection(ProjectConfigurationPlatforms) = postSolution
		{65A5CFDC-6060-453D-9C5E-9985A29391B9}.Debug|Any CPU.ActiveCfg = Debug|Any CPU
		{65A5CFDC-6060-453D-9C5E-9985A29391B9}.Debug|Any CPU.Build.0 = Debug|Any CPU
		{65A5CFDC-6060-453D-9C5E-9985A29391B9}.Release|Any CPU.ActiveCfg = Release|Any CPU
		{65A5CFDC-6060-453D-9C5E-9985A29391B9}.Release|Any CPU.Build.0 = Release|Any CPU
		{5F1624C1-C301-43EF-9E79-C051EDB2EDE3}.Debug|Any CPU.ActiveCfg = Debug|Any CPU
		{5F1624C1-C301-43EF-9E79-C051EDB2EDE3}.Debug|Any CPU.Build.0 = Debug|Any CPU
		{5F1624C1-C301-43EF-9E79-C051EDB2EDE3}.Release|Any CPU.ActiveCfg = Release|Any CPU
		{5F1624C1-C301-43EF-9E79-C051EDB2EDE3}.Release|Any CPU.Build.0 = Release|Any CPU
		{8C7B4026-0ACE-492F-A873-1FB55C82D9B9}.Debug|Any CPU.ActiveCfg = Debug|Any CPU
		{8C7B4026-0ACE-492F-A873-1FB55C82D9B9}.Debug|Any CPU.Build.0 = Debug|Any CPU
		{8C7B4026-0ACE-492F-A873-1FB55C82D9B9}.Release|Any CPU.ActiveCfg = Release|Any CPU
		{8C7B4026-0ACE-492F-A873-1FB55C82D9B9}.Release|Any CPU.Build.0 = Release|Any CPU
		{52BCE7CA-7B40-40D8-8C34-7625B1E5C0DA}.Debug|Any CPU.ActiveCfg = Debug|Any CPU
		{52BCE7CA-7B40-40D8-8C34-7625B1E5C0DA}.Debug|Any CPU.Build.0 = Debug|Any CPU
		{52BCE7CA-7B40-40D8-8C34-7625B1E5C0DA}.Release|Any CPU.ActiveCfg = Release|Any CPU
		{52BCE7CA-7B40-40D8-8C34-7625B1E5C0DA}.Release|Any CPU.Build.0 = Release|Any CPU
	EndGlobalSection
	GlobalSection(SolutionProperties) = preSolution
		HideSolutionNode = FALSE
	EndGlobalSection
	GlobalSection(ExtensibilityGlobals) = postSolution
		SolutionGuid = {77AE7874-7873-4E56-8FD0-266254243AD9}
	EndGlobalSection
EndGlobal
